// !$*UTF8*$!
{
	archiveVersion = 1;
	classes = {
	};
	objectVersion = 46;
	objects = {

/* Begin PBXBuildFile section */
		0AF3CD5A5D766D015A18503C /* ExerciseFilter.swift in Sources */ = {isa = PBXBuildFile; fileRef = E7C003149213594B93314038 /* ExerciseFilter.swift */; };
		0CEBF2D188B30EEC5F5A71B5 /* WorkoutType.swift in Sources */ = {isa = PBXBuildFile; fileRef = 796CBB5667DD96289F6628E2 /* WorkoutType.swift */; };
		1CFA1DD961570ECE2A3F2CD2 /* ContentView.swift in Sources */ = {isa = PBXBuildFile; fileRef = C21AA633E79FE5C92595AE50 /* ContentView.swift */; };
		3C6712E00B8B966B9BEDEE2D /* Exercise.swift in Sources */ = {isa = PBXBuildFile; fileRef = 816BADDB861668F68DAB7EC3 /* Exercise.swift */; };
		53C4FA25A4EA48B1EEA0EB15 /* Foundation.framework in Frameworks */ = {isa = PBXBuildFile; fileRef = 4BB21D9FF33AE9DCDAE30BD5 /* Foundation.framework */; };
		5AA84B8FE36B75EB67059885 /* ExerciseRowView.swift in Sources */ = {isa = PBXBuildFile; fileRef = 22CA7A77BCF123360EAF4B05 /* ExerciseRowView.swift */; };
		64911DF32CE2FE0A54C5E8E7 /* WeightRoomApp.swift in Sources */ = {isa = PBXBuildFile; fileRef = D577EFF3835D67F2EF13EC4D /* WeightRoomApp.swift */; };
		7ED3B62B6B09D914D11889B1 /* Persistence.swift in Sources */ = {isa = PBXBuildFile; fileRef = C2A721ECD0938546C5410A36 /* Persistence.swift */; };
		89FF2F95D927D0CE99269DFB /* Preview Assets.xcassets in Resources */ = {isa = PBXBuildFile; fileRef = 11B2A5073B750A7BB664F6A6 /* Preview Assets.xcassets */; };
		8C53D3D2A7EEDC8E6E4E4A13 /* LoggedSet.swift in Sources */ = {isa = PBXBuildFile; fileRef = D0B43BED78559A62EC63A6BD /* LoggedSet.swift */; };
		907596F243F70463AF41E90C /* ExerciseListView.swift in Sources */ = {isa = PBXBuildFile; fileRef = 9E24917749521462630F3269 /* ExerciseListView.swift */; };
		9B8EF906F449AC7FBA300DE0 /* SessionManager.swift in Sources */ = {isa = PBXBuildFile; fileRef = 32020EF20DF5ABFBCF2685F3 /* SessionManager.swift */; };
		AEEDCA5FF1E107E841F4019C /* WeightRoom.xcdatamodeld in Sources */ = {isa = PBXBuildFile; fileRef = D8190ED72DB64BD3E15209F2 /* WeightRoom.xcdatamodeld */; };
		B0075C0C099677C268ECC29F /* SwipeableNumber.swift in Sources */ = {isa = PBXBuildFile; fileRef = CF23BBCCDD2920CDE0D96945 /* SwipeableNumber.swift */; };
		B8B249DC4B778D579FD252EE /* WorkoutSession.swift in Sources */ = {isa = PBXBuildFile; fileRef = 937E625B920407FF6E4E8254 /* WorkoutSession.swift */; };
		BF00CCE1D69F942D8BCA9295 /* HomeView.swift in Sources */ = {isa = PBXBuildFile; fileRef = 0DB67E25E35A6E27597B34D8 /* HomeView.swift */; };
		D1448F12C04DAB74CAF2596E /* WorkoutSessionView.swift in Sources */ = {isa = PBXBuildFile; fileRef = 08E1D3D56FB94DC10F1DEF27 /* WorkoutSessionView.swift */; };
		D1459B0EF3B3664B6BD76B24 /* WorkoutDetailView.swift in Sources */ = {isa = PBXBuildFile; fileRef = 7EC7F05215777316FFA1E14A /* WorkoutDetailView.swift */; };
		E35C748471BDCC405B72EC54 /* WorkoutHistoryView.swift in Sources */ = {isa = PBXBuildFile; fileRef = FFC3AF7B861452BDBCFEE2B4 /* WorkoutHistoryView.swift */; };
		EA80AEDA5ACBD5376BC22A78 /* WorkoutCartView.swift in Sources */ = {isa = PBXBuildFile; fileRef = B1DF796851FFB30F80AB457A /* WorkoutCartView.swift */; };
		F9396B280C1627E92115099D /* Assets.xcassets in Resources */ = {isa = PBXBuildFile; fileRef = D7D4E5D44668D7D19000C228 /* Assets.xcassets */; };
/* End PBXBuildFile section */

/* Begin PBXFileReference section */
		08E1D3D56FB94DC10F1DEF27 /* WorkoutSessionView.swift */ = {isa = PBXFileReference; includeInIndex = 1; lastKnownFileType = sourcecode.swift; path = WorkoutSessionView.swift; sourceTree = "<group>"; };
		0DB67E25E35A6E27597B34D8 /* HomeView.swift */ = {isa = PBXFileReference; includeInIndex = 1; lastKnownFileType = sourcecode.swift; path = HomeView.swift; sourceTree = "<group>"; };
		11B2A5073B750A7BB664F6A6 /* Preview Assets.xcassets */ = {isa = PBXFileReference; includeInIndex = 1; lastKnownFileType = folder.assetcatalog; path = "Preview Assets.xcassets"; sourceTree = "<group>"; };
		14B0273095E737EB617BEB96 /* Info.plist */ = {isa = PBXFileReference; includeInIndex = 1; lastKnownFileType = text.plist.xml; path = Info.plist; sourceTree = "<group>"; };
		22CA7A77BCF123360EAF4B05 /* ExerciseRowView.swift */ = {isa = PBXFileReference; includeInIndex = 1; lastKnownFileType = sourcecode.swift; path = ExerciseRowView.swift; sourceTree = "<group>"; };
		2F55F3F436F1AEB4AD6E2018 /* Base.xcconfig */ = {isa = PBXFileReference; includeInIndex = 1; lastKnownFileType = text.xcconfig; path = Base.xcconfig; sourceTree = "<group>"; };
		32020EF20DF5ABFBCF2685F3 /* SessionManager.swift */ = {isa = PBXFileReference; includeInIndex = 1; lastKnownFileType = sourcecode.swift; path = SessionManager.swift; sourceTree = "<group>"; };
		3E83AC459E8FECAFE15AD165 /* Dev.xcconfig */ = {isa = PBXFileReference; includeInIndex = 1; lastKnownFileType = text.xcconfig; path = Dev.xcconfig; sourceTree = "<group>"; };
		4BB21D9FF33AE9DCDAE30BD5 /* Foundation.framework */ = {isa = PBXFileReference; lastKnownFileType = wrapper.framework; name = Foundation.framework; path = Platforms/iPhoneOS.platform/Developer/SDKs/iPhoneOS18.0.sdk/System/Library/Frameworks/Foundation.framework; sourceTree = DEVELOPER_DIR; };
		796CBB5667DD96289F6628E2 /* WorkoutType.swift */ = {isa = PBXFileReference; includeInIndex = 1; lastKnownFileType = sourcecode.swift; path = WorkoutType.swift; sourceTree = "<group>"; };
		7EC7F05215777316FFA1E14A /* WorkoutDetailView.swift */ = {isa = PBXFileReference; includeInIndex = 1; lastKnownFileType = sourcecode.swift; path = WorkoutDetailView.swift; sourceTree = "<group>"; };
		816BADDB861668F68DAB7EC3 /* Exercise.swift */ = {isa = PBXFileReference; includeInIndex = 1; lastKnownFileType = sourcecode.swift; path = Exercise.swift; sourceTree = "<group>"; };
		84D2058059FBD84DB25D436C /* WeightRoom.xcdatamodel */ = {isa = PBXFileReference; includeInIndex = 1; lastKnownFileType = wrapper.xcdatamodel; path = WeightRoom.xcdatamodel; sourceTree = "<group>"; };
		937E625B920407FF6E4E8254 /* WorkoutSession.swift */ = {isa = PBXFileReference; includeInIndex = 1; lastKnownFileType = sourcecode.swift; path = WorkoutSession.swift; sourceTree = "<group>"; };
		9E24917749521462630F3269 /* ExerciseListView.swift */ = {isa = PBXFileReference; includeInIndex = 1; lastKnownFileType = sourcecode.swift; path = ExerciseListView.swift; sourceTree = "<group>"; };
		9F69C30C4251AE5A30F02C78 /* Prod.xcconfig */ = {isa = PBXFileReference; includeInIndex = 1; lastKnownFileType = text.xcconfig; path = Prod.xcconfig; sourceTree = "<group>"; };
		B1DF796851FFB30F80AB457A /* WorkoutCartView.swift */ = {isa = PBXFileReference; includeInIndex = 1; lastKnownFileType = sourcecode.swift; path = WorkoutCartView.swift; sourceTree = "<group>"; };
		BDA34E40F635EC690C55EBDF /* WeightRoom Dev.app */ = {isa = PBXFileReference; explicitFileType = wrapper.application; includeInIndex = 0; path = "WeightRoom Dev.app"; sourceTree = BUILT_PRODUCTS_DIR; };
		C21AA633E79FE5C92595AE50 /* ContentView.swift */ = {isa = PBXFileReference; includeInIndex = 1; lastKnownFileType = sourcecode.swift; path = ContentView.swift; sourceTree = "<group>"; };
		C2A721ECD0938546C5410A36 /* Persistence.swift */ = {isa = PBXFileReference; includeInIndex = 1; lastKnownFileType = sourcecode.swift; path = Persistence.swift; sourceTree = "<group>"; };
		CF23BBCCDD2920CDE0D96945 /* SwipeableNumber.swift */ = {isa = PBXFileReference; includeInIndex = 1; lastKnownFileType = sourcecode.swift; path = SwipeableNumber.swift; sourceTree = "<group>"; };
		D0B43BED78559A62EC63A6BD /* LoggedSet.swift */ = {isa = PBXFileReference; includeInIndex = 1; lastKnownFileType = sourcecode.swift; path = LoggedSet.swift; sourceTree = "<group>"; };
		D577EFF3835D67F2EF13EC4D /* WeightRoomApp.swift */ = {isa = PBXFileReference; includeInIndex = 1; lastKnownFileType = sourcecode.swift; path = WeightRoomApp.swift; sourceTree = "<group>"; };
		D7D4E5D44668D7D19000C228 /* Assets.xcassets */ = {isa = PBXFileReference; includeInIndex = 1; lastKnownFileType = folder.assetcatalog; path = Assets.xcassets; sourceTree = "<group>"; };
		E7C003149213594B93314038 /* ExerciseFilter.swift */ = {isa = PBXFileReference; includeInIndex = 1; lastKnownFileType = sourcecode.swift; path = ExerciseFilter.swift; sourceTree = "<group>"; };
		FFC3AF7B861452BDBCFEE2B4 /* WorkoutHistoryView.swift */ = {isa = PBXFileReference; includeInIndex = 1; lastKnownFileType = sourcecode.swift; path = WorkoutHistoryView.swift; sourceTree = "<group>"; };
/* End PBXFileReference section */

/* Begin PBXFrameworksBuildPhase section */
		9D6D91D3D26FE61FC0853E21 /* Frameworks */ = {
			isa = PBXFrameworksBuildPhase;
			buildActionMask = 2147483647;
			files = (
				53C4FA25A4EA48B1EEA0EB15 /* Foundation.framework in Frameworks */,
			);
			runOnlyForDeploymentPostprocessing = 0;
		};
/* End PBXFrameworksBuildPhase section */

/* Begin PBXGroup section */
		1E701524BB249CCFB21D5DDD /* Frameworks */ = {
			isa = PBXGroup;
			children = (
				962175A81CA132E7D7CB5FB3 /* iOS */,
			);
			name = Frameworks;
			sourceTree = "<group>";
		};
		2CD76E1533B8354246AF751E /* WeightRoom */ = {
			isa = PBXGroup;
			children = (
				D577EFF3835D67F2EF13EC4D /* WeightRoomApp.swift */,
				C21AA633E79FE5C92595AE50 /* ContentView.swift */,
				D7D4E5D44668D7D19000C228 /* Assets.xcassets */,
				B0519476FA1020192F8F4A86 /* Preview Content */,
				14B0273095E737EB617BEB96 /* Info.plist */,
				3310F35039180D5A8820950C /* Models */,
				D8190ED72DB64BD3E15209F2 /* WeightRoom.xcdatamodeld */,
				0DB67E25E35A6E27597B34D8 /* HomeView.swift */,
				9E24917749521462630F3269 /* ExerciseListView.swift */,
				CF23BBCCDD2920CDE0D96945 /* SwipeableNumber.swift */,
				22CA7A77BCF123360EAF4B05 /* ExerciseRowView.swift */,
				B1DF796851FFB30F80AB457A /* WorkoutCartView.swift */,
				08E1D3D56FB94DC10F1DEF27 /* WorkoutSessionView.swift */,
				FFC3AF7B861452BDBCFEE2B4 /* WorkoutHistoryView.swift */,
				7EC7F05215777316FFA1E14A /* WorkoutDetailView.swift */,
			);
			path = WeightRoom;
			sourceTree = "<group>";
		};
		3310F35039180D5A8820950C /* Models */ = {
			isa = PBXGroup;
			children = (
				796CBB5667DD96289F6628E2 /* WorkoutType.swift */,
				816BADDB861668F68DAB7EC3 /* Exercise.swift */,
				937E625B920407FF6E4E8254 /* WorkoutSession.swift */,
				D0B43BED78559A62EC63A6BD /* LoggedSet.swift */,
				C2A721ECD0938546C5410A36 /* Persistence.swift */,
				E7C003149213594B93314038 /* ExerciseFilter.swift */,
				32020EF20DF5ABFBCF2685F3 /* SessionManager.swift */,
			);
			name = Models;
			path = Models;
			sourceTree = "<group>";
		};
		4C3E7166BF451264D9AE6CA6 /* Products */ = {
			isa = PBXGroup;
			children = (
			);
			name = Products;
			sourceTree = "<group>";
		};
		6B2922DC5536B2EC525A7CD2 /* Products */ = {
			isa = PBXGroup;
			children = (
				BDA34E40F635EC690C55EBDF /* WeightRoom Dev.app */,
			);
			name = Products;
			sourceTree = "<group>";
		};
		962175A81CA132E7D7CB5FB3 /* iOS */ = {
			isa = PBXGroup;
			children = (
				4BB21D9FF33AE9DCDAE30BD5 /* Foundation.framework */,
			);
			name = iOS;
			sourceTree = "<group>";
		};
		B0519476FA1020192F8F4A86 /* Preview Content */ = {
			isa = PBXGroup;
			children = (
				11B2A5073B750A7BB664F6A6 /* Preview Assets.xcassets */,
			);
			path = "Preview Content";
			sourceTree = "<group>";
		};
		EF5986B971254037AC05935C = {
			isa = PBXGroup;
			children = (
				4C3E7166BF451264D9AE6CA6 /* Products */,
				1E701524BB249CCFB21D5DDD /* Frameworks */,
				EF9089F9138D692C8769F12E /* Configs */,
				2CD76E1533B8354246AF751E /* WeightRoom */,
				6B2922DC5536B2EC525A7CD2 /* Products */,
			);
			sourceTree = "<group>";
		};
		EF9089F9138D692C8769F12E /* Configs */ = {
			isa = PBXGroup;
			children = (
				2F55F3F436F1AEB4AD6E2018 /* Base.xcconfig */,
				3E83AC459E8FECAFE15AD165 /* Dev.xcconfig */,
				9F69C30C4251AE5A30F02C78 /* Prod.xcconfig */,
			);
			path = Configs;
			sourceTree = "<group>";
		};
/* End PBXGroup section */

/* Begin PBXNativeTarget section */
		11022E1967FBD720AFDC0A17 /* WeightRoom */ = {
			isa = PBXNativeTarget;
			buildConfigurationList = 3453BD1F1C325C3C871D5C60 /* Build configuration list for PBXNativeTarget "WeightRoom" */;
			buildPhases = (
				43042BA1C5145FAE29E031D6 /* Sources */,
				9D6D91D3D26FE61FC0853E21 /* Frameworks */,
				BA4DC7CB462D2291D6A3AC5C /* Resources */,
			);
			buildRules = (
			);
			dependencies = (
			);
			name = WeightRoom;
			productName = WeightRoom;
			productReference = BDA34E40F635EC690C55EBDF /* WeightRoom Dev.app */;
			productType = "com.apple.product-type.application";
		};
/* End PBXNativeTarget section */

/* Begin PBXProject section */
		5842CB6572220CC0FE7470F4 /* Project object */ = {
			isa = PBXProject;
			attributes = {
				LastSwiftUpdateCheck = 1600;
				LastUpgradeCheck = 1600;
				TargetAttributes = {
					11022E1967FBD720AFDC0A17 = {
						DevelopmentTeam = 53N3FP668A;
						ProvisioningStyle = Automatic;
					};
				};
			};
			buildConfigurationList = 5E3A7EDBB589F8E51F2F7312 /* Build configuration list for PBXProject "WeightRoom" */;
			compatibilityVersion = "Xcode 3.2";
			developmentRegion = en;
			hasScannedForEncodings = 0;
			knownRegions = (
				en,
				Base,
			);
			mainGroup = EF5986B971254037AC05935C;
			productRefGroup = 4C3E7166BF451264D9AE6CA6 /* Products */;
			projectDirPath = "";
			projectRoot = "";
			targets = (
				11022E1967FBD720AFDC0A17 /* WeightRoom */,
			);
		};
/* End PBXProject section */

/* Begin PBXResourcesBuildPhase section */
		BA4DC7CB462D2291D6A3AC5C /* Resources */ = {
			isa = PBXResourcesBuildPhase;
			buildActionMask = 2147483647;
			files = (
				F9396B280C1627E92115099D /* Assets.xcassets in Resources */,
				89FF2F95D927D0CE99269DFB /* Preview Assets.xcassets in Resources */,
			);
			runOnlyForDeploymentPostprocessing = 0;
		};
/* End PBXResourcesBuildPhase section */

/* Begin PBXSourcesBuildPhase section */
		43042BA1C5145FAE29E031D6 /* Sources */ = {
			isa = PBXSourcesBuildPhase;
			buildActionMask = 2147483647;
			files = (
				64911DF32CE2FE0A54C5E8E7 /* WeightRoomApp.swift in Sources */,
				1CFA1DD961570ECE2A3F2CD2 /* ContentView.swift in Sources */,
				0CEBF2D188B30EEC5F5A71B5 /* WorkoutType.swift in Sources */,
				3C6712E00B8B966B9BEDEE2D /* Exercise.swift in Sources */,
				B8B249DC4B778D579FD252EE /* WorkoutSession.swift in Sources */,
				8C53D3D2A7EEDC8E6E4E4A13 /* LoggedSet.swift in Sources */,
				7ED3B62B6B09D914D11889B1 /* Persistence.swift in Sources */,
				AEEDCA5FF1E107E841F4019C /* WeightRoom.xcdatamodeld in Sources */,
				BF00CCE1D69F942D8BCA9295 /* HomeView.swift in Sources */,
				0AF3CD5A5D766D015A18503C /* ExerciseFilter.swift in Sources */,
				907596F243F70463AF41E90C /* ExerciseListView.swift in Sources */,
				B0075C0C099677C268ECC29F /* SwipeableNumber.swift in Sources */,
				5AA84B8FE36B75EB67059885 /* ExerciseRowView.swift in Sources */,
				EA80AEDA5ACBD5376BC22A78 /* WorkoutCartView.swift in Sources */,
				D1448F12C04DAB74CAF2596E /* WorkoutSessionView.swift in Sources */,
				9B8EF906F449AC7FBA300DE0 /* SessionManager.swift in Sources */,
				E35C748471BDCC405B72EC54 /* WorkoutHistoryView.swift in Sources */,
				D1459B0EF3B3664B6BD76B24 /* WorkoutDetailView.swift in Sources */,
			);
			runOnlyForDeploymentPostprocessing = 0;
		};
/* End PBXSourcesBuildPhase section */

/* Begin XCBuildConfiguration section */
		2AD98F35973BCFE9133C44A2 /* Prod */ = {
			isa = XCBuildConfiguration;
			buildSettings = {
				ASSETCATALOG_COMPILER_APPICON_NAME = AppIcon;
				ASSETCATALOG_COMPILER_GLOBAL_ACCENT_COLOR_NAME = AccentColor;
				CLANG_ENABLE_OBJC_WEAK = NO;
				CODE_SIGN_STYLE = Automatic;
				COPY_PHASE_STRIP = NO;
				CURRENT_PROJECT_VERSION = 1;
				DEBUG_INFORMATION_FORMAT = "dwarf-with-dsym";
				DEVELOPMENT_TEAM = 53N3FP668A;
				ENABLE_PREVIEWS = YES;
				INFOPLIST_FILE = WeightRoom/Info.plist;
				INFOPLIST_KEY_CFBundleDisplayName = WeightRoom;
				IPHONEOS_DEPLOYMENT_TARGET = 16.2;
				LD_RUNPATH_SEARCH_PATHS = "$(inherited) @executable_path/Frameworks";
				MARKETING_VERSION = 1.0;
				PRODUCT_BUNDLE_IDENTIFIER = com.jmalcolmo.weightroom;
				PRODUCT_NAME = WeightRoom;
				SDKROOT = iphoneos;
				SWIFT_ACTIVE_COMPILATION_CONDITIONS = PROD;
				SWIFT_EMIT_LOC_STRINGS = YES;
				SWIFT_OPTIMIZATION_LEVEL = "-O";
				SWIFT_VERSION = 5.0;
				TARGETED_DEVICE_FAMILY = 1;
				VALIDATE_PRODUCT = YES;
			};
			name = Prod;
		};
		961592369AF5FCB291EEAB76 /* Dev */ = {
			isa = XCBuildConfiguration;
			buildSettings = {
				ALWAYS_SEARCH_USER_PATHS = NO;
				CLANG_ANALYZER_NONNULL = YES;
				CLANG_ANALYZER_NUMBER_OBJECT_CONVERSION = YES_AGGRESSIVE;
				CLANG_CXX_LANGUAGE_STANDARD = "gnu++14";
				CLANG_CXX_LIBRARY = "libc++";
				CLANG_ENABLE_MODULES = YES;
				CLANG_ENABLE_OBJC_ARC = YES;
				CLANG_ENABLE_OBJC_WEAK = YES;
				CLANG_WARN_BLOCK_CAPTURE_AUTORELEASING = YES;
				CLANG_WARN_BOOL_CONVERSION = YES;
				CLANG_WARN_COMMA = YES;
				CLANG_WARN_CONSTANT_CONVERSION = YES;
				CLANG_WARN_DEPRECATED_OBJC_IMPLEMENTATIONS = YES;
				CLANG_WARN_DIRECT_OBJC_ISA_USAGE = YES_ERROR;
				CLANG_WARN_DOCUMENTATION_COMMENTS = YES;
				CLANG_WARN_EMPTY_BODY = YES;
				CLANG_WARN_ENUM_CONVERSION = YES;
				CLANG_WARN_INFINITE_RECURSION = YES;
				CLANG_WARN_INT_CONVERSION = YES;
				CLANG_WARN_NON_LITERAL_NULL_CONVERSION = YES;
				CLANG_WARN_OBJC_IMPLICIT_RETAIN_SELF = YES;
				CLANG_WARN_OBJC_LITERAL_CONVERSION = YES;
				CLANG_WARN_OBJC_ROOT_CLASS = YES_ERROR;
				CLANG_WARN_QUOTED_INCLUDE_IN_FRAMEWORK_HEADER = YES;
				CLANG_WARN_RANGE_LOOP_ANALYSIS = YES;
				CLANG_WARN_STRICT_PROTOTYPES = YES;
				CLANG_WARN_SUSPICIOUS_MOVE = YES;
				CLANG_WARN_UNGUARDED_AVAILABILITY = YES_AGGRESSIVE;
				CLANG_WARN_UNREACHABLE_CODE = YES;
				CLANG_WARN__DUPLICATE_METHOD_MATCH = YES;
				COPY_PHASE_STRIP = NO;
				DEBUG_INFORMATION_FORMAT = dwarf;
				ENABLE_STRICT_OBJC_MSGSEND = YES;
				ENABLE_TESTABILITY = YES;
				GCC_C_LANGUAGE_STANDARD = gnu11;
				GCC_DYNAMIC_NO_PIC = NO;
				GCC_NO_COMMON_BLOCKS = YES;
				GCC_OPTIMIZATION_LEVEL = 0;
				GCC_PREPROCESSOR_DEFINITIONS = (
					"DEBUG=1",
					"$(inherited)",
				);
				GCC_WARN_64_TO_32_BIT_CONVERSION = YES;
				GCC_WARN_ABOUT_RETURN_TYPE = YES_ERROR;
				GCC_WARN_UNDECLARED_SELECTOR = YES;
				GCC_WARN_UNINITIALIZED_AUTOS = YES_AGGRESSIVE;
				GCC_WARN_UNUSED_FUNCTION = YES;
				GCC_WARN_UNUSED_VARIABLE = YES;
				MTL_ENABLE_DEBUG_INFO = INCLUDE_SOURCE;
				MTL_FAST_MATH = YES;
				ONLY_ACTIVE_ARCH = YES;
				PRODUCT_NAME = "$(TARGET_NAME)";
				SWIFT_ACTIVE_COMPILATION_CONDITIONS = DEBUG;
				SWIFT_OPTIMIZATION_LEVEL = "-Onone";
				SWIFT_VERSION = 5.0;
			};
			name = Dev;
		};
		BCF74A1E60A9CD51D5AE19CC /* Prod */ = {
			isa = XCBuildConfiguration;
			buildSettings = {
				ALWAYS_SEARCH_USER_PATHS = NO;
				CLANG_ANALYZER_NONNULL = YES;
				CLANG_ANALYZER_NUMBER_OBJECT_CONVERSION = YES_AGGRESSIVE;
				CLANG_CXX_LANGUAGE_STANDARD = "gnu++14";
				CLANG_CXX_LIBRARY = "libc++";
				CLANG_ENABLE_MODULES = YES;
				CLANG_ENABLE_OBJC_ARC = YES;
				CLANG_ENABLE_OBJC_WEAK = YES;
				CLANG_WARN_BLOCK_CAPTURE_AUTORELEASING = YES;
				CLANG_WARN_BOOL_CONVERSION = YES;
				CLANG_WARN_COMMA = YES;
				CLANG_WARN_CONSTANT_CONVERSION = YES;
				CLANG_WARN_DEPRECATED_OBJC_IMPLEMENTATIONS = YES;
				CLANG_WARN_DIRECT_OBJC_ISA_USAGE = YES_ERROR;
				CLANG_WARN_DOCUMENTATION_COMMENTS = YES;
				CLANG_WARN_EMPTY_BODY = YES;
				CLANG_WARN_ENUM_CONVERSION = YES;
				CLANG_WARN_INFINITE_RECURSION = YES;
				CLANG_WARN_INT_CONVERSION = YES;
				CLANG_WARN_NON_LITERAL_NULL_CONVERSION = YES;
				CLANG_WARN_OBJC_IMPLICIT_RETAIN_SELF = YES;
				CLANG_WARN_OBJC_LITERAL_CONVERSION = YES;
				CLANG_WARN_OBJC_ROOT_CLASS = YES_ERROR;
				CLANG_WARN_QUOTED_INCLUDE_IN_FRAMEWORK_HEADER = YES;
				CLANG_WARN_RANGE_LOOP_ANALYSIS = YES;
				CLANG_WARN_STRICT_PROTOTYPES = YES;
				CLANG_WARN_SUSPICIOUS_MOVE = YES;
				CLANG_WARN_UNGUARDED_AVAILABILITY = YES_AGGRESSIVE;
				CLANG_WARN_UNREACHABLE_CODE = YES;
				CLANG_WARN__DUPLICATE_METHOD_MATCH = YES;
				COPY_PHASE_STRIP = NO;
				DEBUG_INFORMATION_FORMAT = "dwarf-with-dsym";
				ENABLE_NS_ASSERTIONS = NO;
				ENABLE_STRICT_OBJC_MSGSEND = YES;
				GCC_C_LANGUAGE_STANDARD = gnu11;
				GCC_NO_COMMON_BLOCKS = YES;
				GCC_WARN_64_TO_32_BIT_CONVERSION = YES;
				GCC_WARN_ABOUT_RETURN_TYPE = YES_ERROR;
				GCC_WARN_UNDECLARED_SELECTOR = YES;
				GCC_WARN_UNINITIALIZED_AUTOS = YES_AGGRESSIVE;
				GCC_WARN_UNUSED_FUNCTION = YES;
				GCC_WARN_UNUSED_VARIABLE = YES;
				MTL_ENABLE_DEBUG_INFO = NO;
				MTL_FAST_MATH = YES;
				PRODUCT_NAME = "$(TARGET_NAME)";
				SWIFT_OPTIMIZATION_LEVEL = "-Owholemodule";
				SWIFT_VERSION = 5.0;
			};
			name = Prod;
		};
		FAD7E2C62B2990DAD085BC3B /* Dev */ = {
			isa = XCBuildConfiguration;
			buildSettings = {
				ASSETCATALOG_COMPILER_APPICON_NAME = AppIcon;
				ASSETCATALOG_COMPILER_GLOBAL_ACCENT_COLOR_NAME = AccentColor;
				CLANG_ENABLE_OBJC_WEAK = NO;
				CODE_SIGN_STYLE = Automatic;
				CURRENT_PROJECT_VERSION = 1;
				DEBUG_INFORMATION_FORMAT = dwarf;
				DEVELOPMENT_TEAM = 53N3FP668A;
				ENABLE_PREVIEWS = YES;
				GCC_PREPROCESSOR_DEFINITIONS = (
					"DEV=1",
					"$(inherited)",
				);
				INFOPLIST_FILE = WeightRoom/Info.plist;
				INFOPLIST_KEY_CFBundleDisplayName = "WeightRoom Dev";
				IPHONEOS_DEPLOYMENT_TARGET = 16.2;
				LD_RUNPATH_SEARCH_PATHS = "$(inherited) @executable_path/Frameworks";
				MARKETING_VERSION = 1.0;
				MTL_ENABLE_DEBUG_INFO = INCLUDE_SOURCE;
				PRODUCT_BUNDLE_IDENTIFIER = com.jmalcolmo.weightroom.dev;
				PRODUCT_NAME = "WeightRoom Dev";
				SDKROOT = iphoneos;
				SWIFT_ACTIVE_COMPILATION_CONDITIONS = "DEBUG DEV";
				SWIFT_EMIT_LOC_STRINGS = YES;
				SWIFT_OPTIMIZATION_LEVEL = "-Onone";
				SWIFT_VERSION = 5.0;
				TARGETED_DEVICE_FAMILY = 1;
			};
			name = Dev;
		};
/* End XCBuildConfiguration section */

/* Begin XCConfigurationList section */
		3453BD1F1C325C3C871D5C60 /* Build configuration list for PBXNativeTarget "WeightRoom" */ = {
			isa = XCConfigurationList;
			buildConfigurations = (
				2AD98F35973BCFE9133C44A2 /* Prod */,
				FAD7E2C62B2990DAD085BC3B /* Dev */,
			);
			defaultConfigurationIsVisible = 0;
			defaultConfigurationName = Prod;
		};
		5E3A7EDBB589F8E51F2F7312 /* Build configuration list for PBXProject "WeightRoom" */ = {
			isa = XCConfigurationList;
			buildConfigurations = (
				961592369AF5FCB291EEAB76 /* Dev */,
				BCF74A1E60A9CD51D5AE19CC /* Prod */,
			);
			defaultConfigurationIsVisible = 0;
			defaultConfigurationName = Prod;
		};
/* End XCConfigurationList section */

/* Begin XCVersionGroup section */
		D8190ED72DB64BD3E15209F2 /* WeightRoom.xcdatamodeld */ = {
			isa = XCVersionGroup;
			children = (
				84D2058059FBD84DB25D436C /* WeightRoom.xcdatamodel */,
			);
			path = WeightRoom.xcdatamodeld;
			sourceTree = "<group>";
			versionGroupType = wrapper.xcdatamodel;
		};
/* End XCVersionGroup section */
	};
	rootObject = 5842CB6572220CC0FE7470F4 /* Project object */;
}
